// !$*UTF8*$!
{
	archiveVersion = 1;
	classes = {
	};
	objectVersion = 46;
	objects = {

/* Begin PBXBuildFile section */
		03292F3019EEB1AC0074DEEE /* main.m in Sources */ = {isa = PBXBuildFile; fileRef = 03292F2F19EEB1AC0074DEEE /* main.m */; };
/* End PBXBuildFile section */

/* Begin PBXCopyFilesBuildPhase section */
		03292F2A19EEB1AC0074DEEE /* CopyFiles */ = {
			isa = PBXCopyFilesBuildPhase;
			buildActionMask = 2147483647;
			dstPath = /usr/share/man/man1/;
			dstSubfolderSpec = 0;
			files = (
			);
			runOnlyForDeploymentPostprocessing = 1;
		};
/* End PBXCopyFilesBuildPhase section */

/* Begin PBXFileReference section */
		03292F2C19EEB1AC0074DEEE /* ATRRandomNumber */ = {isa = PBXFileReference; explicitFileType = "compiled.mach-o.executable"; includeInIndex = 0; path = ATRRandomNumber; sourceTree = BUILT_PRODUCTS_DIR; };
		03292F2F19EEB1AC0074DEEE /* main.m */ = {isa = PBXFileReference; lastKnownFileType = sourcecode.c.objc; path = main.m; sourceTree = "<group>"; };
/* End PBXFileReference section */

/* Begin PBXFrameworksBuildPhase section */
		03292F2919EEB1AC0074DEEE /* Frameworks */ = {
			isa = PBXFrameworksBuildPhase;
			buildActionMask = 2147483647;
			files = (
			);
			runOnlyForDeploymentPostprocessing = 0;
		};
/* End PBXFrameworksBuildPhase section */

/* Begin PBXGroup section */
		03292F2319EEB1AC0074DEEE = {
			isa = PBXGroup;
			children = (
				03292F2E19EEB1AC0074DEEE /* ATRRandomNumber */,
				03292F2D19EEB1AC0074DEEE /* Products */,
			);
			sourceTree = "<group>";
		};
		03292F2D19EEB1AC0074DEEE /* Products */ = {
			isa = PBXGroup;
			children = (
				03292F2C19EEB1AC0074DEEE /* ATRRandomNumber */,
			);
			name = Products;
			sourceTree = "<group>";
		};
		03292F2E19EEB1AC0074DEEE /* ATRRandomNumber */ = {
			isa = PBXGroup;
			children = (
				03292F2F19EEB1AC0074DEEE /* main.m */,
			);
			path = ATRRandomNumber;
			sourceTree = "<group>";
		};
/* End PBXGroup section */

/* Begin PBXNativeTarget section */
		03292F2B19EEB1AC0074DEEE /* ATRRandomNumber */ = {
			isa = PBXNativeTarget;
			buildConfigurationList = 03292F3319EEB1AC0074DEEE /* Build configuration list for PBXNativeTarget "ATRRandomNumber" */;
			buildPhases = (
				03292F2819EEB1AC0074DEEE /* Sources */,
				03292F2919EEB1AC0074DEEE /* Frameworks */,
				03292F2A19EEB1AC0074DEEE /* CopyFiles */,
			);
			buildRules = (
			);
			dependencies = (
			);
			name = ATRRandomNumber;
			productName = ATRRandomNumber;
			productReference = 03292F2C19EEB1AC0074DEEE /* ATRRandomNumber */;
			productType = "com.apple.product-type.tool";
		};
/* End PBXNativeTarget section */

/* Begin PBXProject section */
		03292F2419EEB1AC0074DEEE /* Project object */ = {
			isa = PBXProject;
			attributes = {
				LastUpgradeCheck = 0610;
				ORGANIZATIONNAME = "New Public Art Foundation";
				TargetAttributes = {
					03292F2B19EEB1AC0074DEEE = {
						CreatedOnToolsVersion = 6.1;
					};
				};
			};
			buildConfigurationList = 03292F2719EEB1AC0074DEEE /* Build configuration list for PBXProject "ATRRandomNumber" */;
			compatibilityVersion = "Xcode 3.2";
			developmentRegion = English;
			hasScannedForEncodings = 0;
			knownRegions = (
				en,
			);
			mainGroup = 03292F2319EEB1AC0074DEEE;
			productRefGroup = 03292F2D19EEB1AC0074DEEE /* Products */;
			projectDirPath = "";
			projectRoot = "";
			targets = (
				03292F2B19EEB1AC0074DEEE /* ATRRandomNumber */,
			);
		};
/* End PBXProject section */

/* Begin PBXSourcesBuildPhase section */
		03292F2819EEB1AC0074DEEE /* Sources */ = {
			isa = PBXSourcesBuildPhase;
			buildActionMask = 2147483647;
			files = (
				03292F3019EEB1AC0074DEEE /* main.m in Sources */,
			);
			runOnlyForDeploymentPostprocessing = 0;
		};
/* End PBXSourcesBuildPhase section */

/* Begin XCBuildConfiguration section */
		03292F3119EEB1AC0074DEEE /* Debug */ = {
			isa = XCBuildConfiguration;
			buildSettings = {
				ALWAYS_SEARCH_USER_PATHS = NO;
				CLANG_CXX_LANGUAGE_STANDARD = "gnu++0x";
				CLANG_CXX_LIBRARY = "libc++";
				CLANG_ENABLE_MODULES = YES;
				CLANG_ENABLE_OBJC_ARC = YES;
				CLANG_WARN_BOOL_CONVERSION = YES;
				CLANG_WARN_CONSTANT_CONVERSION = YES;
				CLANG_WARN_DIRECT_OBJC_ISA_USAGE = YES_ERROR;
				CLANG_WARN_EMPTY_BODY = YES;
				CLANG_WARN_ENUM_CONVERSION = YES;
				CLANG_WARN_INT_CONVERSION = YES;
				CLANG_WARN_OBJC_ROOT_CLASS = YES_ERROR;
				CLANG_WARN_UNREACHABLE_CODE = YES;
				CLANG_WARN__DUPLICATE_METHOD_MATCH = YES;
				COPY_PHASE_STRIP = NO;
				ENABLE_STRICT_OBJC_MSGSEND = YES;
				GCC_C_LANGUAGE_STANDARD = gnu99;
				GCC_DYNAMIC_NO_PIC = NO;
				GCC_OPTIMIZATION_LEVEL = 0;
				GCC_PREPROCESSOR_DEFINITIONS = (
					"DEBUG=1",
					"$(inherited)",
				);
				GCC_SYMBOLS_PRIVATE_EXTERN = NO;
				GCC_WARN_64_TO_32_BIT_CONVERSION = YES;
				GCC_WARN_ABOUT_RETURN_TYPE = YES_ERROR;
				GCC_WARN_UNDECLARED_SELECTOR = YES;
				GCC_WARN_UNINITIALIZED_AUTOS = YES_AGGRESSIVE;
				GCC_WARN_UNUSED_FUNCTION = YES;
				GCC_WARN_UNUSED_VARIABLE = YES;
				MACOSX_DEPLOYMENT_TARGET = 10.10;
				MTL_ENABLE_DEBUG_INFO = YES;
				ONLY_ACTIVE_ARCH = YES;
				SDKROOT = macosx;
			};
			name = Debug;
		};
		03292F3219EEB1AC0074DEEE /* Release */ = {
			isa = XCBuildConfiguration;
			buildSettings = {
				ALWAYS_SEARCH_USER_PATHS = NO;
				CLANG_CXX_LANGUAGE_STANDARD = "gnu++0x";
				CLANG_CXX_LIBRARY = "libc++";
				CLANG_ENABLE_MODULES = YES;
				CLANG_ENABLE_OBJC_ARC = YES;
				CLANG_WARN_BOOL_CONVERSION = YES;
				CLANG_WARN_CONSTANT_CONVERSION = YES;
				CLANG_WARN_DIRECT_OBJC_ISA_USAGE = YES_ERROR;
				CLANG_WARN_EMPTY_BODY = YES;
				CLANG_WARN_ENUM_CONVERSION = YES;
				CLANG_WARN_INT_CONVERSION = YES;
				CLANG_WARN_OBJC_ROOT_CLASS = YES_ERROR;
				CLANG_WARN_UNREACHABLE_CODE = YES;
				CLANG_WARN__DUPLICATE_METHOD_MATCH = YES;
				COPY_PHASE_STRIP = YES;
				DEBUG_INFORMATION_FORMAT = "dwarf-with-dsym";
				ENABLE_NS_ASSERTIONS = NO;
				ENABLE_STRICT_OBJC_MSGSEND = YES;
				GCC_C_LANGUAGE_STANDARD = gnu99;
				GCC_WARN_64_TO_32_BIT_CONVERSION = YES;
				GCC_WARN_ABOUT_RETURN_TYPE = YES_ERROR;
				GCC_WARN_UNDECLARED_SELECTOR = YES;
				GCC_WARN_UNINITIALIZED_AUTOS = YES_AGGRESSIVE;
				GCC_WARN_UNUSED_FUNCTION = YES;
				GCC_WARN_UNUSED_VARIABLE = YES;
				MACOSX_DEPLOYMENT_TARGET = 10.10;
				MTL_ENABLE_DEBUG_INFO = NO;
				SDKROOT = macosx;
			};
			name = Release;
		};
		03292F3419EEB1AC0074DEEE /* Debug */ = {
			isa = XCBuildConfiguration;
			buildSettings = {
				PRODUCT_NAME = "$(TARGET_NAME)";
			};
			name = Debug;
		};
		03292F3519EEB1AC0074DEEE /* Release */ = {
			isa = XCBuildConfiguration;
			buildSettings = {
				PRODUCT_NAME = "$(TARGET_NAME)";
			};
			name = Release;
		};
/* End XCBuildConfiguration section */

/* Begin XCConfigurationList section */
		03292F2719EEB1AC0074DEEE /* Build configuration list for PBXProject "ATRRandomNumber" */ = {
			isa = XCConfigurationList;
			buildConfigurations = (
				03292F3119EEB1AC0074DEEE /* Debug */,
				03292F3219EEB1AC0074DEEE /* Release */,
			);
			defaultConfigurationIsVisible = 0;
			defaultConfigurationName = Release;
		};
		03292F3319EEB1AC0074DEEE /* Build configuration list for PBXNativeTarget "ATRRandomNumber" */ = {
			isa = XCConfigurationList;
			buildConfigurations = (
				03292F3419EEB1AC0074DEEE /* Debug */,
				03292F3519EEB1AC0074DEEE /* Release */,
			);
			defaultConfigurationIsVisible = 0;
		};
/* End XCConfigurationList section */
	};
	rootObject = 03292F2419EEB1AC0074DEEE /* Project object */;
}
